
Microsoft Visual Studio Solution File, Format Version 12.00
# Visual Studio Version 16
VisualStudioVersion = 16.0.29230.47
MinimumVisualStudioVersion = 10.0.40219.1
Project("{2150E333-8FDC-42A3-9474-1A3956D46DE8}") = "src", "src", "{A061E38A-9C27-47BB-B62A-72E013023471}"
EndProject
Project("{2150E333-8FDC-42A3-9474-1A3956D46DE8}") = "Tests", "Tests", "{8775280D-7208-4CDD-8938-BB69901ADB21}"
EndProject
Project("{FAE04EC0-301F-11D3-BF4B-00C04F79EFBC}") = "Nls.SmartBlogger.Mvc", "Nls.SmartBlogger.Mvc\Nls.SmartBlogger.Mvc.csproj", "{DFBA0E32-4BBB-4F48-A12E-BE41B8BE28A9}"
EndProject
Project("{FAE04EC0-301F-11D3-BF4B-00C04F79EFBC}") = "Nls.SmartBlogger.Mvc.Tests", "src\Nls.SmartBlogger.Mvc.Tests\Nls.SmartBlogger.Mvc.Tests.csproj", "{B9A21A4B-019C-4518-82FF-3F1CB088A017}"
EndProject
Global
	GlobalSection(SolutionConfigurationPlatforms) = preSolution
		Debug|Any CPU = Debug|Any CPU
		Release|Any CPU = Release|Any CPU
	EndGlobalSection
	GlobalSection(ProjectConfigurationPlatforms) = postSolution
		{DFBA0E32-4BBB-4F48-A12E-BE41B8BE28A9}.Debug|Any CPU.ActiveCfg = Debug|Any CPU
		{DFBA0E32-4BBB-4F48-A12E-BE41B8BE28A9}.Debug|Any CPU.Build.0 = Debug|Any CPU
		{DFBA0E32-4BBB-4F48-A12E-BE41B8BE28A9}.Release|Any CPU.ActiveCfg = Release|Any CPU
		{DFBA0E32-4BBB-4F48-A12E-BE41B8BE28A9}.Release|Any CPU.Build.0 = Release|Any CPU
		{B9A21A4B-019C-4518-82FF-3F1CB088A017}.Debug|Any CPU.ActiveCfg = Debug|Any CPU
		{B9A21A4B-019C-4518-82FF-3F1CB088A017}.Debug|Any CPU.Build.0 = Debug|Any CPU
		{B9A21A4B-019C-4518-82FF-3F1CB088A017}.Release|Any CPU.ActiveCfg = Release|Any CPU
		{B9A21A4B-019C-4518-82FF-3F1CB088A017}.Release|Any CPU.Build.0 = Release|Any CPU
	EndGlobalSection
	GlobalSection(SolutionProperties) = preSolution
		HideSolutionNode = FALSE
	EndGlobalSection
	GlobalSection(NestedProjects) = preSolution
		{DFBA0E32-4BBB-4F48-A12E-BE41B8BE28A9} = {A061E38A-9C27-47BB-B62A-72E013023471}
		{B9A21A4B-019C-4518-82FF-3F1CB088A017} = {8775280D-7208-4CDD-8938-BB69901ADB21}
	EndGlobalSection
	GlobalSection(ExtensibilityGlobals) = postSolution
		SolutionGuid = {C95E24B6-0640-4C25-AE37-C24C90C96763}
	EndGlobalSection
EndGlobal
